# THIS IS AN AUTOGENERATED FILE. DO NOT EDIT THIS FILE DIRECTLY.
# yarn lockfile v1


"@jitsi/js-utils@1.0.2":
  version "1.0.2"
  resolved "https://registry.yarnpkg.com/@jitsi/js-utils/-/js-utils-1.0.2.tgz#208bc28d7131f80d9234246838d4046c40e0cc54"
  integrity sha512-ls+X9tn9EemUQwPEBr7Z0UD4sjRtwcu1Bh4MUo0Hv4arp0KVzcCYCW+mofsvuZvHg8xJX12LLNVgUKi1X5XTGg==
  dependencies:
    bowser "2.7.0"
    js-md5 "0.7.3"

"@jitsi/sdp-interop@1.0.3":
  version "1.0.3"
  resolved "https://registry.yarnpkg.com/@jitsi/sdp-interop/-/sdp-interop-1.0.3.tgz#7284fdd4eac22bfcd1ef0cc5c30e00ebeae59b23"
  integrity sha512-3dua2TTDWwpFpdEl+sMEei4d/+VgVXMpQRCPdvzzOidiiHnJ0vAJONfndKJmhhaqYv+e71Ry5IPGV1ZSWjIDJw==
  dependencies:
    lodash.clonedeep "4.5.0"
    sdp-transform "2.3.0"

"@jitsi/sdp-simulcast@0.4.0":
  version "0.4.0"
  resolved "https://registry.yarnpkg.com/@jitsi/sdp-simulcast/-/sdp-simulcast-0.4.0.tgz#ce2333bb64650045d0073389c071bdc9f8cadba8"
  integrity sha512-jXJM3/XM853UwPlxhSJx5Fc13G4158RIeTgjis3lA286Y7lp18GOR0xFlRvx/5UyhtE3qT2NzSmAwR+CpJohFw==
  dependencies:
    sdp-transform "2.3.0"

"@react-native-community/async-storage@1.3.4":
  version "1.3.4"
  resolved "https://registry.yarnpkg.com/@react-native-community/async-storage/-/async-storage-1.3.4.tgz#5a664484d485bcbab79648e1a0ce775b90843f29"
  integrity sha512-fJmzL27x0BEjhmMXPnDPnUNCZK7bph+NBVCfAz9fzHzAamaiOkdUwuL3PvE4Oj4Kw4knP8ocw5VRDGorAidZ2g==

async@0.9.0:
  version "0.9.0"
  resolved "https://registry.yarnpkg.com/async/-/async-0.9.0.tgz#ac3613b1da9bed1b47510bb4651b8931e47146c7"
  integrity sha1-rDYTsdqb7RtHUQu0ZRuJMeRxRsc=

base-64@0.1.0:
  version "0.1.0"
  resolved "https://registry.yarnpkg.com/base-64/-/base-64-0.1.0.tgz#780a99c84e7d600260361511c4877613bf24f6bb"
  integrity sha1-eAqZyE59YAJgNhURxId2E78k9rs=

base64-js@1.3.1:
  version "1.3.1"
  resolved "https://registry.yarnpkg.com/base64-js/-/base64-js-1.3.1.tgz#58ece8cb75dd07e71ed08c736abc5fac4dbf8df1"
  integrity sha512-mLQ4i2QO1ytvGWFWmcngKO//JXAQueZvwEKtjgQFM4jIK0kU+ytMfplL8j+n5mspOfjHwoAg+9yhb7BwAHm36g==

base64-js@^1.1.2, base64-js@^1.3.1:
  version "1.5.1"
  resolved "https://registry.yarnpkg.com/base64-js/-/base64-js-1.5.1.tgz#1b1b440160a5bf7ad40b650f095963481903930a"
  integrity sha512-AKpaYlHn8t4SVbOHCy+b5+KKgvR4vrsD8vbvrbiQJps7fKDTkjkDry6ji0rUJjC0kzbNePLwzxq8iypo41qeWA==

boolbase@^1.0.0, boolbase@~1.0.0:
  version "1.0.0"
  resolved "https://registry.yarnpkg.com/boolbase/-/boolbase-1.0.0.tgz#68dff5fbe60c51eb37725ea9e3ed310dcc1e776e"
  integrity sha1-aN/1++YMUes3cl6p4+0xDcwed24=

bowser@2.7.0:
  version "2.7.0"
  resolved "https://registry.yarnpkg.com/bowser/-/bowser-2.7.0.tgz#96eab1fa07fab08c1ec4c75977a7c8ddf8e0fe1f"
  integrity sha512-aIlMvstvu8x+34KEiOHD3AsBgdrzg6sxALYiukOWhFvGMbQI6TRP/iY0LMhUrHs56aD6P1G0Z7h45PUJaa5m9w==

buffer@^5.4.3:
  version "5.7.1"
  resolved "https://registry.yarnpkg.com/buffer/-/buffer-5.7.1.tgz#ba62e7c13133053582197160851a8f648e99eed0"
  integrity sha512-EHcyIPBQ4BSGlvjB16k5KgAJ27CIsHY/2JBmCRReo48y9rQ3MaUzWX3KVlBa4U7MyX02HdVj0K7C3WaB3ju7FQ==
  dependencies:
    base64-js "^1.3.1"
    ieee754 "^1.1.13"

css-select@^2.1.0:
  version "2.1.0"
  resolved "https://registry.yarnpkg.com/css-select/-/css-select-2.1.0.tgz#6a34653356635934a81baca68d0255432105dbef"
  integrity sha512-Dqk7LQKpwLoH3VovzZnkzegqNSuAziQyNZUcrdDM401iY+R5NkGBXGmtO05/yaXQziALuPogeG0b7UAgjnTJTQ==
  dependencies:
    boolbase "^1.0.0"
    css-what "^3.2.1"
    domutils "^1.7.0"
    nth-check "^1.0.2"

css-tree@^1.0.0-alpha.39:
  version "1.1.3"
  resolved "https://registry.yarnpkg.com/css-tree/-/css-tree-1.1.3.tgz#eb4870fb6fd7707327ec95c2ff2ab09b5e8db91d"
  integrity sha512-tRpdppF7TRazZrjJ6v3stzv93qxRcSsFmW6cX0Zm2NVKpxE1WV1HblnghVv9TreireHkqI/VDEsfolRF1p6y7Q==
  dependencies:
    mdn-data "2.0.14"
    source-map "^0.6.1"

css-what@^3.2.1:
  version "3.4.2"
  resolved "https://registry.yarnpkg.com/css-what/-/css-what-3.4.2.tgz#ea7026fcb01777edbde52124e21f327e7ae950e4"
  integrity sha512-ACUm3L0/jiZTqfzRM3Hi9Q8eZqd6IK37mMWPLz9PJxkLWllYeRf+EHUSHYEtFop2Eqytaq1FizFVh7XfBnXCDQ==

current-executing-script@0.1.3:
  version "0.1.3"
  resolved "https://registry.yarnpkg.com/current-executing-script/-/current-executing-script-0.1.3.tgz#b798dfc58b5cf8b00fb04c1df0ac2663967e2c70"
  integrity sha1-t5jfxYtc+LAPsEwd8KwmY5Z+LHA=

dom-serializer@0:
  version "0.2.2"
  resolved "https://registry.yarnpkg.com/dom-serializer/-/dom-serializer-0.2.2.tgz#1afb81f533717175d478655debc5e332d9f9bb51"
  integrity sha512-2/xPb3ORsQ42nHYiSunXkDjPLBaEj/xTwUO4B7XCZQTRk7EBtTOPaygh10YAAh2OI1Qrp6NWfpAhzswj0ydt9g==
  dependencies:
    domelementtype "^2.0.1"
    entities "^2.0.0"

domelementtype@1:
  version "1.3.1"
  resolved "https://registry.yarnpkg.com/domelementtype/-/domelementtype-1.3.1.tgz#d048c44b37b0d10a7f2a3d5fee3f4333d790481f"
  integrity sha512-BSKB+TSpMpFI/HOxCNr1O8aMOTZ8hT3pM3GQ0w/mWRmkhEDSFJkkyzz4XQsBV44BChwGkrDfMyjVD0eA2aFV3w==

domelementtype@^2.0.1:
  version "2.2.0"
  resolved "https://registry.yarnpkg.com/domelementtype/-/domelementtype-2.2.0.tgz#9a0b6c2782ed6a1c7323d42267183df9bd8b1d57"
  integrity sha512-DtBMo82pv1dFtUmHyr48beiuq792Sxohr+8Hm9zoxklYPfa6n0Z3Byjj2IV7bmr2IyqClnqEQhfgHJJ5QF0R5A==

domutils@^1.7.0:
  version "1.7.0"
  resolved "https://registry.yarnpkg.com/domutils/-/domutils-1.7.0.tgz#56ea341e834e06e6748af7a1cb25da67ea9f8c2a"
  integrity sha512-Lgd2XcJ/NjEw+7tFvfKxOzCYKZsdct5lczQ2ZaQY8Djz7pfAD3Gbp8ySJWtreII/vDlMVmxwa6pHmdxIYgttDg==
  dependencies:
    dom-serializer "0"
    domelementtype "1"

eme-encryption-scheme-polyfill@^2.0.1:
  version "2.0.3"
  resolved "https://registry.yarnpkg.com/eme-encryption-scheme-polyfill/-/eme-encryption-scheme-polyfill-2.0.3.tgz#2ca6e06480e06cceb5e50efd27943ac46c959878"
  integrity sha512-44CNFMsqzHdKHrzWxlS7xZ8KUHn5XutBqpmCuWzNIynmAyFInHrrD3ozv/RvK9ZhgV6QY6Easx8EWAmxteNodg==

entities@^2.0.0:
  version "2.2.0"
  resolved "https://registry.yarnpkg.com/entities/-/entities-2.2.0.tgz#098dc90ebb83d8dffa089d55256b351d34c4da55"
  integrity sha512-p92if5Nz619I0w+akJrLZH0MX0Pb5DX39XOwQTtXSdQQOaYH03S1uIQp4mhOZtAXrxq4ViO67YTiLBo2638o9A==

event-target-shim@^1.0.5:
  version "1.1.1"
  resolved "https://registry.yarnpkg.com/event-target-shim/-/event-target-shim-1.1.1.tgz#a86e5ee6bdaa16054475da797ccddf0c55698491"
  integrity sha1-qG5e5r2qFgVEddp5fM3fDFVphJE=

ieee754@^1.1.13:
  version "1.2.1"
  resolved "https://registry.yarnpkg.com/ieee754/-/ieee754-1.2.1.tgz#8eb7a10a63fff25d15a57b001586d177d1b0d352"
  integrity sha512-dcyqhDvX1C46lXZcVqCpK+FtMRQVdIMN6/Df5js2zouUsqG7I6sFxitIC+7KYK29KdXOLHdu9zL4sFnoVQnqaA==

"jQuery-Impromptu@github:trentrichardson/jQuery-Impromptu#v6.0.0":
  version "0.0.0-ignored"
  resolved "https://codeload.github.com/trentrichardson/jQuery-Impromptu/tar.gz/753c2833f62f9c00301dd8b75af03599dc4f2ee8"

"jitsi-meet-logger@github:jitsi/jitsi-meet-logger#5ec92357570dc8f0b7ffc1528820721c84c6af8b":
  version "0.2.0"
  resolved "https://codeload.github.com/jitsi/jitsi-meet-logger/tar.gz/5ec92357570dc8f0b7ffc1528820721c84c6af8b"

jquery-contextmenu@2.4.5:
  version "2.4.5"
  resolved "https://registry.yarnpkg.com/jquery-contextmenu/-/jquery-contextmenu-2.4.5.tgz#e65ace060d8cdad4d0e5df7815d0d7039e517450"
  integrity sha1-5lrOBg2M2tTQ5d94FdDXA55RdFA=

jquery-i18next@1.2.1:
  version "1.2.1"
  resolved "https://registry.yarnpkg.com/jquery-i18next/-/jquery-i18next-1.2.1.tgz#3e4ac5e46632fac21640529f1aa7b68e54f227e8"
  integrity sha512-UNcw3rgxoKjGEg4w23FEn2h3OlPJU7rPzsgDuXDBZktIzeiVbJohs9Cv9hj8oP8KNfBRKOoErL/OVxg2FaAR4g==

jquery@3.5.1:
  version "3.5.1"
  resolved "https://registry.yarnpkg.com/jquery/-/jquery-3.5.1.tgz#d7b4d08e1bfdb86ad2f1a3d039ea17304717abb5"
  integrity sha512-XwIBPqcMn57FxfT+Go5pzySnm4KWkT1Tv7gjrpT1srtf8Weynl6R273VJ5GjkRb51IzMp5nbaPjJXMWeju2MKg==

js-md5@0.7.3:
  version "0.7.3"
  resolved "https://registry.yarnpkg.com/js-md5/-/js-md5-0.7.3.tgz#b4f2fbb0b327455f598d6727e38ec272cd09c3f2"
  integrity sha512-ZC41vPSTLKGwIRjqDh8DfXoCrdQIyBgspJVPXHBGu4nZlAEvG3nf+jO9avM9RmLiGakg7vz974ms99nEV0tmTQ==

"js-tokens@^3.0.0 || ^4.0.0":
  version "4.0.0"
  resolved "https://registry.yarnpkg.com/js-tokens/-/js-tokens-4.0.0.tgz#19203fb59991df98e3a287050d4647cdeaf32499"
  integrity sha512-RdJUflcE3cUzKiMqQgsCu06FPu9UdIJO0beYbPhHN4k6apgJtifcoCtT9bcxOpYBtpD2kCM6Sbzg4CausW/PKQ==

jssha@^2.2.0:
  version "2.4.2"
  resolved "https://registry.yarnpkg.com/jssha/-/jssha-2.4.2.tgz#d950b095634928bd6b2bda1d42da9a3a762d65e9"
  integrity sha512-/jsi/9C0S70zfkT/4UlKQa5E1xKurDnXcQizcww9JSR/Fv+uIbWM2btG+bFcL3iNoK9jIGS0ls9HWLr1iw0kFg==

keymirror@^0.1.1:
  version "0.1.1"
  resolved "https://registry.yarnpkg.com/keymirror/-/keymirror-0.1.1.tgz#918889ea13f8d0a42e7c557250eee713adc95c35"
  integrity sha1-kYiJ6hP40KQufFVyUO7nE63JXDU=

"lib-jitsi-meet@git+https://github.com/icc-guerrero/lib-jitsi-meet.git#rn-test":
  version "0.0.0"
  resolved "git+https://github.com/icc-guerrero/lib-jitsi-meet.git#0c7663a5297316bcaea0020260af1e74fe7d13d8"
  dependencies:
    "@jitsi/js-utils" "1.0.2"
    "@jitsi/sdp-interop" "1.0.3"
    "@jitsi/sdp-simulcast" "0.4.0"
    async "0.9.0"
    base64-js "1.3.1"
    current-executing-script "0.1.3"
    jitsi-meet-logger "github:jitsi/jitsi-meet-logger#5ec92357570dc8f0b7ffc1528820721c84c6af8b"
    lodash.clonedeep "4.5.0"
    lodash.debounce "4.0.8"
    lodash.isequal "4.5.0"
    sdp-transform "2.3.0"
    strophe.js "1.3.4"
    strophejs-plugin-disco "0.0.2"
    strophejs-plugin-stream-management "github:jitsi/strophejs-plugin-stream-management#001cf02bef2357234e1ac5d163611b4d60bf2b6a"
    uuid "8.1.0"
    webrtc-adapter "7.5.0"

lodash.clonedeep@4.5.0:
  version "4.5.0"
  resolved "https://registry.yarnpkg.com/lodash.clonedeep/-/lodash.clonedeep-4.5.0.tgz#e23f3f9c4f8fbdde872529c1071857a086e5ccef"
  integrity sha1-4j8/nE+Pvd6HJSnBBxhXoIblzO8=

lodash.debounce@4.0.8:
  version "4.0.8"
  resolved "https://registry.yarnpkg.com/lodash.debounce/-/lodash.debounce-4.0.8.tgz#82d79bff30a67c4005ffd5e2515300ad9ca4d7af"
  integrity sha1-gteb/zCmfEAF/9XiUVMArZyk168=

lodash.isequal@4.5.0:
  version "4.5.0"
  resolved "https://registry.yarnpkg.com/lodash.isequal/-/lodash.isequal-4.5.0.tgz#415c4478f2bcc30120c22ce10ed3226f7d3e18e0"
  integrity sha1-QVxEePK8wwEgwizhDtMib30+GOA=

loose-envify@^1.4.0:
  version "1.4.0"
  resolved "https://registry.yarnpkg.com/loose-envify/-/loose-envify-1.4.0.tgz#71ee51fa7be4caec1a63839f7e682d8132d30caf"
  integrity sha512-lyuxPGr/Wfhrlem2CL/UcnUc1zcqKAImBDzukY7Y5F/yQiNdko6+fRLevlw1HgMySw7f611UIY408EtxRSoK3Q==
  dependencies:
    js-tokens "^3.0.0 || ^4.0.0"

mdn-data@2.0.14:
  version "2.0.14"
  resolved "https://registry.yarnpkg.com/mdn-data/-/mdn-data-2.0.14.tgz#7113fc4281917d63ce29b43446f701e68c25ba50"
  integrity sha512-dn6wd0uw5GsdswPFfsgMp5NSB0/aDe6fK94YJV/AJDYXL6HVLWBsxeq7js7Ad+mU2K9LAlwpk6kN2D5mwCPVow==

nth-check@^1.0.2:
  version "1.0.2"
  resolved "https://registry.yarnpkg.com/nth-check/-/nth-check-1.0.2.tgz#b2bd295c37e3dd58a3bf0700376663ba4d9cf05c"
  integrity sha512-WeBOdju8SnzPN5vTUJYxYUxLeXpCaVP5i5e0LF8fg7WORF2Wd7wFX/pk0tYZk7s8T+J7VLy0Da6J1+wCT0AtHg==
  dependencies:
    boolbase "~1.0.0"

object-assign@^4.1.1:
  version "4.1.1"
  resolved "https://registry.yarnpkg.com/object-assign/-/object-assign-4.1.1.tgz#2109adc7965887cfc05cbbd442cac8bfbb360863"
  integrity sha1-IQmtx5ZYh8/AXLvUQsrIv7s2CGM=

prop-types@^15.5.10, prop-types@^15.7.2:
  version "15.7.2"
  resolved "https://registry.yarnpkg.com/prop-types/-/prop-types-15.7.2.tgz#52c41e75b8c87e72b9d9360e0206b99dcbffa6c5"
  integrity sha512-8QQikdH7//R2vurIJSutZ1smHYTcLpRWEOlHnzcWHmBYrOGUysKwSsrC89BCiFj3CbrfJ/nXFdJepOVrY1GCHQ==
  dependencies:
    loose-envify "^1.4.0"
    object-assign "^4.1.1"
    react-is "^16.8.1"

punycode@^2.1.1:
  version "2.1.1"
  resolved "https://registry.yarnpkg.com/punycode/-/punycode-2.1.1.tgz#b58b010ac40c22c5657616c8d2c2c02c7bf479ec"
  integrity sha512-XRsRjdf+j5ml+y/6GKHPZbrF/8p2Yga0JPtdqTIY2Xe5ohJPD9saDJJLPvp9+NSBprVvevdXZybnj2cv8OEd0A==

react-is@^16.8.1:
  version "16.13.1"
  resolved "https://registry.yarnpkg.com/react-is/-/react-is-16.13.1.tgz#789729a4dc36de2999dc156dd6c1d9c18cea56a4"
  integrity sha512-24e6ynE2H+OKt4kqsOvNd8kBpV65zoxbA4BVsEOB3ARVWQki/DHzaUoC5KuON/BiccDaCCTZBuOcfZs70kR8bQ==

react-native-background-timer@2.4.0:
  version "2.4.0"
  resolved "https://registry.yarnpkg.com/react-native-background-timer/-/react-native-background-timer-2.4.0.tgz#b659fdc8ce8ddbed04fbb296e2ec9f4ad8e1659f"
  integrity sha512-00DphusbzXUuJDP+SSRe7FJczFWzrCErr+2TdRxYfbQjpDaRk3rXw8nhlQXI5U6KthquEQOrCRMq2F2hi/HKLg==

react-native-callstats@3.61.0:
  version "3.61.0"
  resolved "https://registry.yarnpkg.com/react-native-callstats/-/react-native-callstats-3.61.0.tgz#06b77de213d3b0bf77f5a13f4d5ad688ef2e3ddc"
  integrity sha512-Tr1+FjhhCUmRpNQYoKkekEXA8pho9iDhOjUt0CHXBOXpEDH3r5feAaBDWucYsStfmP7jWU8ZrsszgGKPB1oSOg==
  dependencies:
    base-64 "0.1.0"
    jssha "^2.2.0"

react-native-progress@^5.0.0:
  version "5.0.0"
  resolved "https://registry.yarnpkg.com/react-native-progress/-/react-native-progress-5.0.0.tgz#f5ac6ceaeee27f184c660b00f29419e82a9d0ab0"
  integrity sha512-KjnGIt3r9i5Kn2biOD9fXLJocf0bwxPRxOyAgXEnZTJQU2O+HyzgGFRCbM5h3izm9kKIkSc1txh8aGmMafCD9A==
  dependencies:
    prop-types "^15.7.2"

react-native-svg@^12.1.1:
  version "12.1.1"
  resolved "https://registry.yarnpkg.com/react-native-svg/-/react-native-svg-12.1.1.tgz#5f292410b8bcc07bbc52b2da7ceb22caf5bcaaee"
  integrity sha512-NIAJ8jCnXGCqGWXkkJ1GTzO4a3Md5at5sagYV8Vh4MXYnL4z5Rh428Wahjhh+LIjx40EE5xM5YtwyJBqOIba2Q==
  dependencies:
    css-select "^2.1.0"
    css-tree "^1.0.0-alpha.39"

react-native-url-polyfill@1.2.0:
  version "1.2.0"
  resolved "https://registry.yarnpkg.com/react-native-url-polyfill/-/react-native-url-polyfill-1.2.0.tgz#cfc9c91d2d62cf66d968c6fe94d091dc668ca9a3"
  integrity sha512-hpLZ8RyS3oGVyTOe/HjoqVoCOSkeJvrCoEB3bJsY7t9uh7kpQDV6kgvdlECEafYpxe3RzMrKLVcmWRbPU7CuAw==
  dependencies:
    whatwg-url-without-unicode "8.0.0-3"

react-native-video@^5.2.0:
  version "5.2.0"
  resolved "https://registry.yarnpkg.com/react-native-video/-/react-native-video-5.2.0.tgz#c3f2c541775f4fda7e0d26d75a6fb59819b13d5e"
  integrity sha512-5SK1lxyzrCkZF+WuxUxLR1Pt65E0rsWB1w1GrGxSLdC9zWYBumcmuHl+wPJ7UQvznjaH2Ze7uU1R3arejI7+WQ==
  dependencies:
    keymirror "^0.1.1"
    prop-types "^15.7.2"
    shaka-player "^2.5.9"

react-native-webrtc@1.84.0:
  version "1.84.0"
  resolved "https://registry.yarnpkg.com/react-native-webrtc/-/react-native-webrtc-1.84.0.tgz#0ee0b74147a73e732f21e9b680f9a45585b00421"
  integrity sha512-xPOFbrcehuBzLnFy3keCM2HyMsyCVDQjQNAn8SIHKH/PA8Q7kZ4spuytc2E1hBTr7zH/vQ2Px+DWqu7on12jag==
  dependencies:
    base64-js "^1.1.2"
    event-target-shim "^1.0.5"
    prop-types "^15.5.10"
    uuid "^3.3.2"

rtcpeerconnection-shim@^1.2.15:
  version "1.2.15"
  resolved "https://registry.yarnpkg.com/rtcpeerconnection-shim/-/rtcpeerconnection-shim-1.2.15.tgz#e7cc189a81b435324c4949aa3dfb51888684b243"
  integrity sha512-C6DxhXt7bssQ1nHb154lqeL0SXz5Dx4RczXZu2Aa/L1NJFnEVDxFwCBo3fqtuljhHIGceg5JKBV4XJ0gW5JKyw==
  dependencies:
    sdp "^2.6.0"

sdp-transform@2.3.0:
  version "2.3.0"
  resolved "https://registry.yarnpkg.com/sdp-transform/-/sdp-transform-2.3.0.tgz#57a9575942041d8577a869d7c74d4c3a0bd888f6"
  integrity sha1-V6lXWUIEHYV3qGnXx01MOgvYiPY=

sdp@^2.12.0, sdp@^2.6.0:
  version "2.12.0"
  resolved "https://registry.yarnpkg.com/sdp/-/sdp-2.12.0.tgz#338a106af7560c86e4523f858349680350d53b22"
  integrity sha512-jhXqQAQVM+8Xj5EjJGVweuEzgtGWb3tmEEpl3CLP3cStInSbVHSg0QWOGQzNq8pSID4JkpeV2mPqlMDLrm0/Vw==

shaka-player@^2.5.9:
  version "2.5.23"
  resolved "https://registry.yarnpkg.com/shaka-player/-/shaka-player-2.5.23.tgz#db92d1c6cf2314f0180a2cec11b0e2f2560336f5"
  integrity sha512-3MC9k0OXJGw8AZ4n/ZNCZS2yDxx+3as5KgH6Tx4Q5TRboTBBCu6dYPI5vp1DxKeyU12MBN1Zcbs7AKzXv2EnCg==
  dependencies:
    eme-encryption-scheme-polyfill "^2.0.1"

source-map@^0.6.1:
  version "0.6.1"
  resolved "https://registry.yarnpkg.com/source-map/-/source-map-0.6.1.tgz#74722af32e9614e9c287a8d0bbde48b5e2f1a263"
  integrity sha512-UjgapumWlbMhkBgzT7Ykc5YXUT46F0iKu8SGXq0bcwP5dz/h0Plj6enJqjz1Zbq2l5WaqYnrVbwWOWMyF3F47g==

strophe.js@1.3.4:
  version "1.3.4"
  resolved "https://registry.yarnpkg.com/strophe.js/-/strophe.js-1.3.4.tgz#2b86398d7f3c9ffe0535ecfcd97af574a92b044a"
  integrity sha512-jSLDG8jolhAwGOSgiJ7DTMSYK3wVoEJHKtpVRyEacQZ6CWA6z2WRPJpcFMjsIweq5aP9/XIvKUQqHBu/ZhvESA==

strophejs-plugin-disco@0.0.2:
  version "0.0.2"
  resolved "https://registry.yarnpkg.com/strophejs-plugin-disco/-/strophejs-plugin-disco-0.0.2.tgz#a16312a34bf58518e13d23222948dcc9be3047f5"
  integrity sha512-T9pJFzn1ZUqZ/we9+OvI5pFdrjeb4IBMbEjK+ZWEZV036wEl8l8GOtF8AJ3sIqOMtdIiFLdFu99JiGWd7yapAQ==

"strophejs-plugin-stream-management@github:jitsi/strophejs-plugin-stream-management#001cf02bef2357234e1ac5d163611b4d60bf2b6a":
  version "1.0.0"
  resolved "https://codeload.github.com/jitsi/strophejs-plugin-stream-management/tar.gz/001cf02bef2357234e1ac5d163611b4d60bf2b6a"

uuid@8.1.0:
  version "8.1.0"
  resolved "https://registry.yarnpkg.com/uuid/-/uuid-8.1.0.tgz#6f1536eb43249f473abc6bd58ff983da1ca30d8d"
  integrity sha512-CI18flHDznR0lq54xBycOVmphdCYnQLKn8abKn7PXUiKUGdEd+/l9LWNJmugXel4hXq7S+RMNl34ecyC9TntWg==

uuid@^3.3.2:
  version "3.4.0"
  resolved "https://registry.yarnpkg.com/uuid/-/uuid-3.4.0.tgz#b23e4358afa8a202fe7a100af1f5f883f02007ee"
  integrity sha512-HjSDRw6gZE5JMggctHBcjVak08+KEVhSIiDzFnT9S9aegmp85S/bReBVTb4QTFaRNptJ9kuYaNhnbNEOkbKb/A==

webidl-conversions@^5.0.0:
  version "5.0.0"
  resolved "https://registry.yarnpkg.com/webidl-conversions/-/webidl-conversions-5.0.0.tgz#ae59c8a00b121543a2acc65c0434f57b0fc11aff"
  integrity sha512-VlZwKPCkYKxQgeSbH5EyngOmRp7Ww7I9rQLERETtf5ofd9pGeswWiOtogpEO850jziPRarreGxn5QIiTqpb2wA==

webrtc-adapter@7.5.0:
  version "7.5.0"
  resolved "https://registry.yarnpkg.com/webrtc-adapter/-/webrtc-adapter-7.5.0.tgz#b870f6ff5e87191276e66f9521ac457c81801954"
  integrity sha512-cUqlw310uLLSYvO8FTNCVmGWSMlMt6vuSDkcYL1nW+RUvAILJ3jEIvAUgFQU5EFGnU+mf9/No14BFv3U+hoxBQ==
  dependencies:
    rtcpeerconnection-shim "^1.2.15"
    sdp "^2.12.0"

whatwg-url-without-unicode@8.0.0-3:
  version "8.0.0-3"
  resolved "https://registry.yarnpkg.com/whatwg-url-without-unicode/-/whatwg-url-without-unicode-8.0.0-3.tgz#ab6df4bf6caaa6c85a59f6e82c026151d4bb376b"
  integrity sha512-HoKuzZrUlgpz35YO27XgD28uh/WJH4B0+3ttFqRo//lmq+9T/mIOJ6kqmINI9HpUpz1imRC/nR/lxKpJiv0uig==
  dependencies:
    buffer "^5.4.3"
    punycode "^2.1.1"
    webidl-conversions "^5.0.0"

xmldom@0.1.27:
  version "0.1.27"
  resolved "https://registry.yarnpkg.com/xmldom/-/xmldom-0.1.27.tgz#d501f97b3bdb403af8ef9ecc20573187aadac0e9"
  integrity sha1-1QH5ezvbQDr4757MIFcxh6rawOk=
